github.com/aead/cmac v0.0.0-20160719120800-7af84192f0b1 h1:+JkXLHME8vLJafGhOH4aoV2Iu8bR55nU6iKMVfYVLjY=
github.com/aead/cmac v0.0.0-20160719120800-7af84192f0b1/go.mod h1:nuudZmJhzWtx2212z+pkuy7B6nkBqa+xwNXZHL1j8cg=
github.com/free5gc/nas v1.3.0 h1:r42lNApvMtAwaHwpb50ZpOXZabGaQvFRy/q3JxS0o/g=
github.com/free5gc/nas v1.3.0/go.mod h1:T/krdGjxSut+MQJAFFBS4lsWZa/NPEz7wO0G/D3qHeE=
github.com/free5gc/ngap v1.2.0 h1:tZPokNiF/J97dmq0DVATcE1lZi7stCo7LZaosSB8otQ=
github.com/free5gc/ngap v1.2.0/go.mod h1:1lfw7JP0fs8bdv0B685KDC2/shOciL9gf1f3KwKnGvk=
github.com/free5gc/sctp v1.2.0 h1:xzvFWZSMUdJkW7Q0Xo6YY77SbkNZwSw9Hl2rH1njSlo=
github.com/free5gc/sctp v1.2.0/go.mod h1:wOvct9P1T6DGk1fxkleF7zeTHsU8ZKxKzewu2ciZh/4=
github.com/pkg/errors v0.9.1 h1:FEBLx1zS214owpjy7qsBeixbURkuhQAwrK5UwLGTwt4=
github.com/pkg/errors v0.9.1/go.mod h1:bwawxfHBFNV+L2hUp1rHADufV3IMtnDRdf1r5NINEl0=
